
Microsoft Visual Studio Solution File, Format Version 12.00
# Visual Studio Version 17
VisualStudioVersion = 17.4.33213.308
MinimumVisualStudioVersion = 10.0.40219.1
Project("{FAE04EC0-301F-11D3-BF4B-00C04F79EFBC}") = "GStore", "GStore\GStore.csproj", "{3F4EB107-F740-4736-AF57-ED6B4486ECFA}"
EndProject
Global
	GlobalSection(SolutionConfigurationPlatforms) = preSolution
		Debug|Any CPU = Debug|Any CPU
		Release|Any CPU = Release|Any CPU
	EndGlobalSection
	GlobalSection(ProjectConfigurationPlatforms) = postSolution
		{3F4EB107-F740-4736-AF57-ED6B4486ECFA}.Debug|Any CPU.ActiveCfg = Debug|Any CPU
		{3F4EB107-F740-4736-AF57-ED6B4486ECFA}.Debug|Any CPU.Build.0 = Debug|Any CPU
		{3F4EB107-F740-4736-AF57-ED6B4486ECFA}.Release|Any CPU.ActiveCfg = Release|Any CPU
		{3F4EB107-F740-4736-AF57-ED6B4486ECFA}.Release|Any CPU.Build.0 = Release|Any CPU
	EndGlobalSection
	GlobalSection(SolutionProperties) = preSolution
		HideSolutionNode = FALSE
	EndGlobalSection
	GlobalSection(ExtensibilityGlobals) = postSolution
		SolutionGuid = {8D295614-0DE5-40C1-A680-9B8DE68AA40D}
	EndGlobalSection
EndGlobal
